
Microsoft Visual Studio Solution File, Format Version 12.00
# Visual Studio Version 16
VisualStudioVersion = 16.0.31729.503
MinimumVisualStudioVersion = 10.0.40219.1
Project("{F184B08F-C81C-45F6-A57F-5ABD9991F28F}") = "Area of a circle", "Area of a circle\Area of a circle.vbproj", "{6AAE948F-6CAE-4A99-AF70-C215F7528095}"
EndProject
Global
	GlobalSection(SolutionConfigurationPlatforms) = preSolution
		Debug|Any CPU = Debug|Any CPU
		Release|Any CPU = Release|Any CPU
	EndGlobalSection
	GlobalSection(ProjectConfigurationPlatforms) = postSolution
		{6AAE948F-6CAE-4A99-AF70-C215F7528095}.Debug|Any CPU.ActiveCfg = Debug|Any CPU
		{6AAE948F-6CAE-4A99-AF70-C215F7528095}.Debug|Any CPU.Build.0 = Debug|Any CPU
		{6AAE948F-6CAE-4A99-AF70-C215F7528095}.Release|Any CPU.ActiveCfg = Release|Any CPU
		{6AAE948F-6CAE-4A99-AF70-C215F7528095}.Release|Any CPU.Build.0 = Release|Any CPU
	EndGlobalSection
	GlobalSection(SolutionProperties) = preSolution
		HideSolutionNode = FALSE
	EndGlobalSection
	GlobalSection(ExtensibilityGlobals) = postSolution
		SolutionGuid = {D6356337-C1F9-4AF7-9B0B-D91BEDEEF950}
	EndGlobalSection
EndGlobal
