
Microsoft Visual Studio Solution File, Format Version 12.00
# Visual Studio Version 16
VisualStudioVersion = 16.0.31729.503
MinimumVisualStudioVersion = 10.0.40219.1
Project("{F184B08F-C81C-45F6-A57F-5ABD9991F28F}") = "app", "app\app.vbproj", "{D83D1CBA-D9BB-4E48-96A3-EF2DCF7CB875}"
EndProject
Global
	GlobalSection(SolutionConfigurationPlatforms) = preSolution
		Debug|Any CPU = Debug|Any CPU
		Release|Any CPU = Release|Any CPU
	EndGlobalSection
	GlobalSection(ProjectConfigurationPlatforms) = postSolution
		{D83D1CBA-D9BB-4E48-96A3-EF2DCF7CB875}.Debug|Any CPU.ActiveCfg = Debug|Any CPU
		{D83D1CBA-D9BB-4E48-96A3-EF2DCF7CB875}.Debug|Any CPU.Build.0 = Debug|Any CPU
		{D83D1CBA-D9BB-4E48-96A3-EF2DCF7CB875}.Release|Any CPU.ActiveCfg = Release|Any CPU
		{D83D1CBA-D9BB-4E48-96A3-EF2DCF7CB875}.Release|Any CPU.Build.0 = Release|Any CPU
	EndGlobalSection
	GlobalSection(SolutionProperties) = preSolution
		HideSolutionNode = FALSE
	EndGlobalSection
	GlobalSection(ExtensibilityGlobals) = postSolution
		SolutionGuid = {F1621CE1-1B00-48C2-950D-108828AAD004}
	EndGlobalSection
EndGlobal
