
Microsoft Visual Studio Solution File, Format Version 12.00
# Visual Studio Version 16
VisualStudioVersion = 16.0.31729.503
MinimumVisualStudioVersion = 10.0.40219.1
Project("{F184B08F-C81C-45F6-A57F-5ABD9991F28F}") = "WinFormsApp4", "WinFormsApp4\WinFormsApp4.vbproj", "{10586964-A001-49CA-B374-BAC511A38C60}"
EndProject
Global
	GlobalSection(SolutionConfigurationPlatforms) = preSolution
		Debug|Any CPU = Debug|Any CPU
		Release|Any CPU = Release|Any CPU
	EndGlobalSection
	GlobalSection(ProjectConfigurationPlatforms) = postSolution
		{10586964-A001-49CA-B374-BAC511A38C60}.Debug|Any CPU.ActiveCfg = Debug|Any CPU
		{10586964-A001-49CA-B374-BAC511A38C60}.Debug|Any CPU.Build.0 = Debug|Any CPU
		{10586964-A001-49CA-B374-BAC511A38C60}.Release|Any CPU.ActiveCfg = Release|Any CPU
		{10586964-A001-49CA-B374-BAC511A38C60}.Release|Any CPU.Build.0 = Release|Any CPU
	EndGlobalSection
	GlobalSection(SolutionProperties) = preSolution
		HideSolutionNode = FALSE
	EndGlobalSection
	GlobalSection(ExtensibilityGlobals) = postSolution
		SolutionGuid = {2689512E-118C-4DAA-9A0F-A23E442B6C47}
	EndGlobalSection
EndGlobal
